// !$*UTF8*$!
{
	archiveVersion = 1;
	classes = {
	};
	objectVersion = 48;
	objects = {

/* Begin PBXBuildFile section */
		A8B66A9FF6C9E0717851D6B7 /* Pods_Networking.framework in Frameworks */ = {isa = PBXBuildFile; fileRef = 3C2EF196FC5B0206CC3DFBAB /* Pods_Networking.framework */; };
		B43628D020B04AA1002582AD /* AppDelegate.swift in Sources */ = {isa = PBXBuildFile; fileRef = B43628CF20B04AA1002582AD /* AppDelegate.swift */; };
		B43628D520B04AA1002582AD /* Main.storyboard in Resources */ = {isa = PBXBuildFile; fileRef = B43628D320B04AA1002582AD /* Main.storyboard */; };
		B43628D720B04AA1002582AD /* Assets.xcassets in Resources */ = {isa = PBXBuildFile; fileRef = B43628D620B04AA1002582AD /* Assets.xcassets */; };
		B43628DA20B04AA1002582AD /* LaunchScreen.storyboard in Resources */ = {isa = PBXBuildFile; fileRef = B43628D820B04AA1002582AD /* LaunchScreen.storyboard */; };
		B43628E320B04AE8002582AD /* ApiViewController.swift in Sources */ = {isa = PBXBuildFile; fileRef = B43628E120B04AE8002582AD /* ApiViewController.swift */; };
		B43628E420B04AE8002582AD /* ApiViewController.xib in Resources */ = {isa = PBXBuildFile; fileRef = B43628E220B04AE8002582AD /* ApiViewController.xib */; };
		B43628E720B04BC5002582AD /* ApiTableViewCell.swift in Sources */ = {isa = PBXBuildFile; fileRef = B43628E520B04BC5002582AD /* ApiTableViewCell.swift */; };
		B43628E820B04BC5002582AD /* ApiTableViewCell.xib in Resources */ = {isa = PBXBuildFile; fileRef = B43628E620B04BC5002582AD /* ApiTableViewCell.xib */; };
		B43628EA20B056F2002582AD /* Data.swift in Sources */ = {isa = PBXBuildFile; fileRef = B43628E920B056F2002582AD /* Data.swift */; };
/* End PBXBuildFile section */

/* Begin PBXFileReference section */
		3C2EF196FC5B0206CC3DFBAB /* Pods_Networking.framework */ = {isa = PBXFileReference; explicitFileType = wrapper.framework; includeInIndex = 0; path = Pods_Networking.framework; sourceTree = BUILT_PRODUCTS_DIR; };
		5F0C318395A7E25D2295D42B /* Pods-Networking.debug.xcconfig */ = {isa = PBXFileReference; includeInIndex = 1; lastKnownFileType = text.xcconfig; name = "Pods-Networking.debug.xcconfig"; path = "Pods/Target Support Files/Pods-Networking/Pods-Networking.debug.xcconfig"; sourceTree = "<group>"; };
		6B4808D5528CA419DFAECA97 /* Pods-Networking.release.xcconfig */ = {isa = PBXFileReference; includeInIndex = 1; lastKnownFileType = text.xcconfig; name = "Pods-Networking.release.xcconfig"; path = "Pods/Target Support Files/Pods-Networking/Pods-Networking.release.xcconfig"; sourceTree = "<group>"; };
		B43628CC20B04AA1002582AD /* Networking.app */ = {isa = PBXFileReference; explicitFileType = wrapper.application; includeInIndex = 0; path = Networking.app; sourceTree = BUILT_PRODUCTS_DIR; };
		B43628CF20B04AA1002582AD /* AppDelegate.swift */ = {isa = PBXFileReference; lastKnownFileType = sourcecode.swift; path = AppDelegate.swift; sourceTree = "<group>"; };
		B43628D420B04AA1002582AD /* Base */ = {isa = PBXFileReference; lastKnownFileType = file.storyboard; name = Base; path = Base.lproj/Main.storyboard; sourceTree = "<group>"; };
		B43628D620B04AA1002582AD /* Assets.xcassets */ = {isa = PBXFileReference; lastKnownFileType = folder.assetcatalog; path = Assets.xcassets; sourceTree = "<group>"; };
		B43628D920B04AA1002582AD /* Base */ = {isa = PBXFileReference; lastKnownFileType = file.storyboard; name = Base; path = Base.lproj/LaunchScreen.storyboard; sourceTree = "<group>"; };
		B43628DB20B04AA1002582AD /* Info.plist */ = {isa = PBXFileReference; lastKnownFileType = text.plist.xml; path = Info.plist; sourceTree = "<group>"; };
		B43628E120B04AE8002582AD /* ApiViewController.swift */ = {isa = PBXFileReference; lastKnownFileType = sourcecode.swift; path = ApiViewController.swift; sourceTree = "<group>"; };
		B43628E220B04AE8002582AD /* ApiViewController.xib */ = {isa = PBXFileReference; lastKnownFileType = file.xib; path = ApiViewController.xib; sourceTree = "<group>"; };
		B43628E520B04BC5002582AD /* ApiTableViewCell.swift */ = {isa = PBXFileReference; lastKnownFileType = sourcecode.swift; path = ApiTableViewCell.swift; sourceTree = "<group>"; };
		B43628E620B04BC5002582AD /* ApiTableViewCell.xib */ = {isa = PBXFileReference; lastKnownFileType = file.xib; path = ApiTableViewCell.xib; sourceTree = "<group>"; };
		B43628E920B056F2002582AD /* Data.swift */ = {isa = PBXFileReference; lastKnownFileType = sourcecode.swift; path = Data.swift; sourceTree = "<group>"; };
/* End PBXFileReference section */

/* Begin PBXFrameworksBuildPhase section */
		B43628C920B04AA1002582AD /* Frameworks */ = {
			isa = PBXFrameworksBuildPhase;
			buildActionMask = 2147483647;
			files = (
				A8B66A9FF6C9E0717851D6B7 /* Pods_Networking.framework in Frameworks */,
			);
			runOnlyForDeploymentPostprocessing = 0;
		};
/* End PBXFrameworksBuildPhase section */

/* Begin PBXGroup section */
		3C2859DEE5D0735E764873DE /* Frameworks */ = {
			isa = PBXGroup;
			children = (
				3C2EF196FC5B0206CC3DFBAB /* Pods_Networking.framework */,
			);
			name = Frameworks;
			sourceTree = "<group>";
		};
		432EDB56965FF0DCC14EF418 /* Pods */ = {
			isa = PBXGroup;
			children = (
				5F0C318395A7E25D2295D42B /* Pods-Networking.debug.xcconfig */,
				6B4808D5528CA419DFAECA97 /* Pods-Networking.release.xcconfig */,
			);
			name = Pods;
			sourceTree = "<group>";
		};
		B43628C320B04AA1002582AD = {
			isa = PBXGroup;
			children = (
				B43628CE20B04AA1002582AD /* Networking */,
				B43628CD20B04AA1002582AD /* Products */,
				432EDB56965FF0DCC14EF418 /* Pods */,
				3C2859DEE5D0735E764873DE /* Frameworks */,
			);
			sourceTree = "<group>";
		};
		B43628CD20B04AA1002582AD /* Products */ = {
			isa = PBXGroup;
			children = (
				B43628CC20B04AA1002582AD /* Networking.app */,
			);
			name = Products;
			sourceTree = "<group>";
		};
		B43628CE20B04AA1002582AD /* Networking */ = {
			isa = PBXGroup;
			children = (
				B43628CF20B04AA1002582AD /* AppDelegate.swift */,
				B43628E120B04AE8002582AD /* ApiViewController.swift */,
				B43628E220B04AE8002582AD /* ApiViewController.xib */,
				B43628E520B04BC5002582AD /* ApiTableViewCell.swift */,
				B43628E620B04BC5002582AD /* ApiTableViewCell.xib */,
				B43628E920B056F2002582AD /* Data.swift */,
				B43628D320B04AA1002582AD /* Main.storyboard */,
				B43628D620B04AA1002582AD /* Assets.xcassets */,
				B43628D820B04AA1002582AD /* LaunchScreen.storyboard */,
				B43628DB20B04AA1002582AD /* Info.plist */,
			);
			path = Networking;
			sourceTree = "<group>";
		};
/* End PBXGroup section */

/* Begin PBXNativeTarget section */
		B43628CB20B04AA1002582AD /* Networking */ = {
			isa = PBXNativeTarget;
			buildConfigurationList = B43628DE20B04AA1002582AD /* Build configuration list for PBXNativeTarget "Networking" */;
			buildPhases = (
				57542FCF834DC52E537CEA18 /* [CP] Check Pods Manifest.lock */,
				B43628C820B04AA1002582AD /* Sources */,
				B43628C920B04AA1002582AD /* Frameworks */,
				B43628CA20B04AA1002582AD /* Resources */,
				E793400F04D0C600093CFDCF /* [CP] Embed Pods Frameworks */,
			);
			buildRules = (
			);
			dependencies = (
			);
			name = Networking;
			productName = Networking;
			productReference = B43628CC20B04AA1002582AD /* Networking.app */;
			productType = "com.apple.product-type.application";
		};
/* End PBXNativeTarget section */

/* Begin PBXProject section */
		B43628C420B04AA1002582AD /* Project object */ = {
			isa = PBXProject;
			attributes = {
				LastSwiftUpdateCheck = 0920;
				LastUpgradeCheck = 0920;
				ORGANIZATIONNAME = "Сергей";
				TargetAttributes = {
					B43628CB20B04AA1002582AD = {
						CreatedOnToolsVersion = 9.2;
						ProvisioningStyle = Automatic;
					};
				};
			};
			buildConfigurationList = B43628C720B04AA1002582AD /* Build configuration list for PBXProject "Networking" */;
			compatibilityVersion = "Xcode 8.0";
			developmentRegion = en;
			hasScannedForEncodings = 0;
			knownRegions = (
				en,
				Base,
			);
			mainGroup = B43628C320B04AA1002582AD;
			productRefGroup = B43628CD20B04AA1002582AD /* Products */;
			projectDirPath = "";
			projectRoot = "";
			targets = (
				B43628CB20B04AA1002582AD /* Networking */,
			);
		};
/* End PBXProject section */

/* Begin PBXResourcesBuildPhase section */
		B43628CA20B04AA1002582AD /* Resources */ = {
			isa = PBXResourcesBuildPhase;
			buildActionMask = 2147483647;
			files = (
				B43628DA20B04AA1002582AD /* LaunchScreen.storyboard in Resources */,
				B43628D720B04AA1002582AD /* Assets.xcassets in Resources */,
				B43628D520B04AA1002582AD /* Main.storyboard in Resources */,
				B43628E820B04BC5002582AD /* ApiTableViewCell.xib in Resources */,
				B43628E420B04AE8002582AD /* ApiViewController.xib in Resources */,
			);
			runOnlyForDeploymentPostprocessing = 0;
		};
/* End PBXResourcesBuildPhase section */

/* Begin PBXShellScriptBuildPhase section */
		57542FCF834DC52E537CEA18 /* [CP] Check Pods Manifest.lock */ = {
			isa = PBXShellScriptBuildPhase;
			buildActionMask = 2147483647;
			files = (
			);
			inputPaths = (
				"${PODS_PODFILE_DIR_PATH}/Podfile.lock",
				"${PODS_ROOT}/Manifest.lock",
			);
			name = "[CP] Check Pods Manifest.lock";
			outputPaths = (
				"$(DERIVED_FILE_DIR)/Pods-Networking-checkManifestLockResult.txt",
			);
			runOnlyForDeploymentPostprocessing = 0;
			shellPath = /bin/sh;
			shellScript = "diff \"${PODS_PODFILE_DIR_PATH}/Podfile.lock\" \"${PODS_ROOT}/Manifest.lock\" > /dev/null\nif [ $? != 0 ] ; then\n    # print error to STDERR\n    echo \"error: The sandbox is not in sync with the Podfile.lock. Run 'pod install' or update your CocoaPods installation.\" >&2\n    exit 1\nfi\n# This output is used by Xcode 'outputs' to avoid re-running this script phase.\necho \"SUCCESS\" > \"${SCRIPT_OUTPUT_FILE_0}\"\n";
			showEnvVarsInLog = 0;
		};
		E793400F04D0C600093CFDCF /* [CP] Embed Pods Frameworks */ = {
			isa = PBXShellScriptBuildPhase;
			buildActionMask = 2147483647;
			files = (
			);
			inputPaths = (
				"${SRCROOT}/Pods/Target Support Files/Pods-Networking/Pods-Networking-frameworks.sh",
				"${BUILT_PRODUCTS_DIR}/Alamofire/Alamofire.framework",
				"${BUILT_PRODUCTS_DIR}/Realm/Realm.framework",
				"${BUILT_PRODUCTS_DIR}/RealmSwift/RealmSwift.framework",
			);
			name = "[CP] Embed Pods Frameworks";
			outputPaths = (
				"${TARGET_BUILD_DIR}/${FRAMEWORKS_FOLDER_PATH}/Alamofire.framework",
				"${TARGET_BUILD_DIR}/${FRAMEWORKS_FOLDER_PATH}/Realm.framework",
				"${TARGET_BUILD_DIR}/${FRAMEWORKS_FOLDER_PATH}/RealmSwift.framework",
			);
			runOnlyForDeploymentPostprocessing = 0;
			shellPath = /bin/sh;
			shellScript = "\"${SRCROOT}/Pods/Target Support Files/Pods-Networking/Pods-Networking-frameworks.sh\"\n";
			showEnvVarsInLog = 0;
		};
/* End PBXShellScriptBuildPhase section */

/* Begin PBXSourcesBuildPhase section */
		B43628C820B04AA1002582AD /* Sources */ = {
			isa = PBXSourcesBuildPhase;
			buildActionMask = 2147483647;
			files = (
				B43628D020B04AA1002582AD /* AppDelegate.swift in Sources */,
				B43628E720B04BC5002582AD /* ApiTableViewCell.swift in Sources */,
				B43628E320B04AE8002582AD /* ApiViewController.swift in Sources */,
				B43628EA20B056F2002582AD /* Data.swift in Sources */,
			);
			runOnlyForDeploymentPostprocessing = 0;
		};
/* End PBXSourcesBuildPhase section */

/* Begin PBXVariantGroup section */
		B43628D320B04AA1002582AD /* Main.storyboard */ = {
			isa = PBXVariantGroup;
			children = (
				B43628D420B04AA1002582AD /* Base */,
			);
			name = Main.storyboard;
			sourceTree = "<group>";
		};
		B43628D820B04AA1002582AD /* LaunchScreen.storyboard */ = {
			isa = PBXVariantGroup;
			children = (
				B43628D920B04AA1002582AD /* Base */,
			);
			name = LaunchScreen.storyboard;
			sourceTree = "<group>";
		};
/* End PBXVariantGroup section */

/* Begin XCBuildConfiguration section */
		B43628DC20B04AA1002582AD /* Debug */ = {
			isa = XCBuildConfiguration;
			buildSettings = {
				ALWAYS_SEARCH_USER_PATHS = NO;
				CLANG_ANALYZER_NONNULL = YES;
				CLANG_ANALYZER_NUMBER_OBJECT_CONVERSION = YES_AGGRESSIVE;
				CLANG_CXX_LANGUAGE_STANDARD = "gnu++14";
				CLANG_CXX_LIBRARY = "libc++";
				CLANG_ENABLE_MODULES = YES;
				CLANG_ENABLE_OBJC_ARC = YES;
				CLANG_WARN_BLOCK_CAPTURE_AUTORELEASING = YES;
				CLANG_WARN_BOOL_CONVERSION = YES;
				CLANG_WARN_COMMA = YES;
				CLANG_WARN_CONSTANT_CONVERSION = YES;
				CLANG_WARN_DIRECT_OBJC_ISA_USAGE = YES_ERROR;
				CLANG_WARN_DOCUMENTATION_COMMENTS = YES;
				CLANG_WARN_EMPTY_BODY = YES;
				CLANG_WARN_ENUM_CONVERSION = YES;
				CLANG_WARN_INFINITE_RECURSION = YES;
				CLANG_WARN_INT_CONVERSION = YES;
				CLANG_WARN_NON_LITERAL_NULL_CONVERSION = YES;
				CLANG_WARN_OBJC_LITERAL_CONVERSION = YES;
				CLANG_WARN_OBJC_ROOT_CLASS = YES_ERROR;
				CLANG_WARN_RANGE_LOOP_ANALYSIS = YES;
				CLANG_WARN_STRICT_PROTOTYPES = YES;
				CLANG_WARN_SUSPICIOUS_MOVE = YES;
				CLANG_WARN_UNGUARDED_AVAILABILITY = YES_AGGRESSIVE;
				CLANG_WARN_UNREACHABLE_CODE = YES;
				CLANG_WARN__DUPLICATE_METHOD_MATCH = YES;
				CODE_SIGN_IDENTITY = "iPhone Developer";
				COPY_PHASE_STRIP = NO;
				DEBUG_INFORMATION_FORMAT = dwarf;
				ENABLE_STRICT_OBJC_MSGSEND = YES;
				ENABLE_TESTABILITY = YES;
				GCC_C_LANGUAGE_STANDARD = gnu11;
				GCC_DYNAMIC_NO_PIC = NO;
				GCC_NO_COMMON_BLOCKS = YES;
				GCC_OPTIMIZATION_LEVEL = 0;
				GCC_PREPROCESSOR_DEFINITIONS = (
					"DEBUG=1",
					"$(inherited)",
				);
				GCC_WARN_64_TO_32_BIT_CONVERSION = YES;
				GCC_WARN_ABOUT_RETURN_TYPE = YES_ERROR;
				GCC_WARN_UNDECLARED_SELECTOR = YES;
				GCC_WARN_UNINITIALIZED_AUTOS = YES_AGGRESSIVE;
				GCC_WARN_UNUSED_FUNCTION = YES;
				GCC_WARN_UNUSED_VARIABLE = YES;
				IPHONEOS_DEPLOYMENT_TARGET = 11.2;
				MTL_ENABLE_DEBUG_INFO = YES;
				ONLY_ACTIVE_ARCH = YES;
				SDKROOT = iphoneos;
				SWIFT_ACTIVE_COMPILATION_CONDITIONS = DEBUG;
				SWIFT_OPTIMIZATION_LEVEL = "-Onone";
			};
			name = Debug;
		};
		B43628DD20B04AA1002582AD /* Release */ = {
			isa = XCBuildConfiguration;
			buildSettings = {
				ALWAYS_SEARCH_USER_PATHS = NO;
				CLANG_ANALYZER_NONNULL = YES;
				CLANG_ANALYZER_NUMBER_OBJECT_CONVERSION = YES_AGGRESSIVE;
				CLANG_CXX_LANGUAGE_STANDARD = "gnu++14";
				CLANG_CXX_LIBRARY = "libc++";
				CLANG_ENABLE_MODULES = YES;
				CLANG_ENABLE_OBJC_ARC = YES;
				CLANG_WARN_BLOCK_CAPTURE_AUTORELEASING = YES;
				CLANG_WARN_BOOL_CONVERSION = YES;
				CLANG_WARN_COMMA = YES;
				CLANG_WARN_CONSTANT_CONVERSION = YES;
				CLANG_WARN_DIRECT_OBJC_ISA_USAGE = YES_ERROR;
				CLANG_WARN_DOCUMENTATION_COMMENTS = YES;
				CLANG_WARN_EMPTY_BODY = YES;
				CLANG_WARN_ENUM_CONVERSION = YES;
				CLANG_WARN_INFINITE_RECURSION = YES;
				CLANG_WARN_INT_CONVERSION = YES;
				CLANG_WARN_NON_LITERAL_NULL_CONVERSION = YES;
				CLANG_WARN_OBJC_LITERAL_CONVERSION = YES;
				CLANG_WARN_OBJC_ROOT_CLASS = YES_ERROR;
				CLANG_WARN_RANGE_LOOP_ANALYSIS = YES;
				CLANG_WARN_STRICT_PROTOTYPES = YES;
				CLANG_WARN_SUSPICIOUS_MOVE = YES;
				CLANG_WARN_UNGUARDED_AVAILABILITY = YES_AGGRESSIVE;
				CLANG_WARN_UNREACHABLE_CODE = YES;
				CLANG_WARN__DUPLICATE_METHOD_MATCH = YES;
				CODE_SIGN_IDENTITY = "iPhone Developer";
				COPY_PHASE_STRIP = NO;
				DEBUG_INFORMATION_FORMAT = "dwarf-with-dsym";
				ENABLE_NS_ASSERTIONS = NO;
				ENABLE_STRICT_OBJC_MSGSEND = YES;
				GCC_C_LANGUAGE_STANDARD = gnu11;
				GCC_NO_COMMON_BLOCKS = YES;
				GCC_WARN_64_TO_32_BIT_CONVERSION = YES;
				GCC_WARN_ABOUT_RETURN_TYPE = YES_ERROR;
				GCC_WARN_UNDECLARED_SELECTOR = YES;
				GCC_WARN_UNINITIALIZED_AUTOS = YES_AGGRESSIVE;
				GCC_WARN_UNUSED_FUNCTION = YES;
				GCC_WARN_UNUSED_VARIABLE = YES;
				IPHONEOS_DEPLOYMENT_TARGET = 11.2;
				MTL_ENABLE_DEBUG_INFO = NO;
				SDKROOT = iphoneos;
				SWIFT_OPTIMIZATION_LEVEL = "-Owholemodule";
				VALIDATE_PRODUCT = YES;
			};
			name = Release;
		};
		B43628DF20B04AA1002582AD /* Debug */ = {
			isa = XCBuildConfiguration;
			baseConfigurationReference = 5F0C318395A7E25D2295D42B /* Pods-Networking.debug.xcconfig */;
			buildSettings = {
				ASSETCATALOG_COMPILER_APPICON_NAME = AppIcon;
				CODE_SIGN_STYLE = Automatic;
				DEVELOPMENT_TEAM = AB2D394ZS9;
				INFOPLIST_FILE = Networking/Info.plist;
				LD_RUNPATH_SEARCH_PATHS = "$(inherited) @executable_path/Frameworks";
				PRODUCT_BUNDLE_IDENTIFIER = "-.Networking";
				PRODUCT_NAME = "$(TARGET_NAME)";
				SWIFT_VERSION = 4.0;
				TARGETED_DEVICE_FAMILY = "1,2";
			};
			name = Debug;
		};
		B43628E020B04AA1002582AD /* Release */ = {
			isa = XCBuildConfiguration;
			baseConfigurationReference = 6B4808D5528CA419DFAECA97 /* Pods-Networking.release.xcconfig */;
			buildSettings = {
				ASSETCATALOG_COMPILER_APPICON_NAME = AppIcon;
				CODE_SIGN_STYLE = Automatic;
				DEVELOPMENT_TEAM = AB2D394ZS9;
				INFOPLIST_FILE = Networking/Info.plist;
				LD_RUNPATH_SEARCH_PATHS = "$(inherited) @executable_path/Frameworks";
				PRODUCT_BUNDLE_IDENTIFIER = "-.Networking";
				PRODUCT_NAME = "$(TARGET_NAME)";
				SWIFT_VERSION = 4.0;
				TARGETED_DEVICE_FAMILY = "1,2";
			};
			name = Release;
		};
/* End XCBuildConfiguration section */

/* Begin XCConfigurationList section */
		B43628C720B04AA1002582AD /* Build configuration list for PBXProject "Networking" */ = {
			isa = XCConfigurationList;
			buildConfigurations = (
				B43628DC20B04AA1002582AD /* Debug */,
				B43628DD20B04AA1002582AD /* Release */,
			);
			defaultConfigurationIsVisible = 0;
			defaultConfigurationName = Release;
		};
		B43628DE20B04AA1002582AD /* Build configuration list for PBXNativeTarget "Networking" */ = {
			isa = XCConfigurationList;
			buildConfigurations = (
				B43628DF20B04AA1002582AD /* Debug */,
				B43628E020B04AA1002582AD /* Release */,
			);
			defaultConfigurationIsVisible = 0;
			defaultConfigurationName = Release;
		};
/* End XCConfigurationList section */
	};
	rootObject = B43628C420B04AA1002582AD /* Project object */;
}
